<?xml version="1.0" encoding="utf-8"?>
<Project ToolsVersion="4.0" xmlns="http://schemas.microsoft.com/developer/msbuild/2003">
  <ItemGroup>
    <Filter Include="ソース ファイル">
      <UniqueIdentifier>{75a239d5-1fbf-4f7a-ad3d-6c0dc7d2ff76}</UniqueIdentifier>
    </Filter>
    <Filter Include="生成されたファイル">
      <UniqueIdentifier>{f4e45836-7195-4cf7-a380-2c619204ca82}</UniqueIdentifier>
      <SourceControlFiles>False</SourceControlFiles>
    </Filter>
  </ItemGroup>
  <ItemGroup>
    <None Include="GlobalHookAssistATLps.def" />
  </ItemGroup>
  <ItemGroup>
    <ClCompile Include="GlobalHookAssistATL_i.c">
      <Filter>生成されたファイル</Filter>
    </ClCompile>
    <ClCompile Include="GlobalHookAssistATL_p.c">
      <Filter>生成されたファイル</Filter>
    </ClCompile>
    <ClCompile Include="dlldata.c">
      <Filter>生成されたファイル</Filter>
    </ClCompile>
  </ItemGroup>
</Project>